<?xml version="1.0" encoding="utf-8"?>
<Project ToolsVersion="4.0" xmlns="http://schemas.microsoft.com/developer/msbuild/2003">
  <ItemGroup>
    <Filter Include="0.Global">
      <UniqueIdentifier>{7df57407-c974-4d3f-bfbc-6f13c023b67a}</UniqueIdentifier>
    </Filter>
    <Filter Include="1.Application">
      <UniqueIdentifier>{93995380-89BD-4b04-88EB-625FBE52EBFB}</UniqueIdentifier>
      <Extensions>h;hh;hpp;hxx;hm;inl;inc;xsd</Extensions>
    </Filter>
    <Filter Include="2.Stream">
      <UniqueIdentifier>{4FC737F1-C7A5-4376-A066-2A32D752A2FF}</UniqueIdentifier>
      <Extensions>cpp;c;cc;cxx;def;odl;idl;hpj;bat;asm;asmx</Extensions>
    </Filter>
    <Filter Include="3.NAL Unit">
      <UniqueIdentifier>{67DA6AB6-F800-4c08-8B7A-83BB121AAD01}</UniqueIdentifier>
      <Extensions>rc;ico;cur;bmp;dlg;rc2;rct;bin;rgs;gif;jpg;jpeg;jpe;resx;tiff;tif;png;wav;mfcribbon-ms</Extensions>
    </Filter>
    <Filter Include="4.Slice">
      <UniqueIdentifier>{b9fab6b4-cb29-4708-b8b6-946aa7d596d4}</UniqueIdentifier>
    </Filter>
    <Filter Include="5.Macroblock">
      <UniqueIdentifier>{aa761d47-bb4f-4cf4-a2a4-2d5f9975b58d}</UniqueIdentifier>
    </Filter>
    <Filter Include="6.CAVLC">
      <UniqueIdentifier>{b5dc91ee-f134-4270-a0d7-a802fb3662c8}</UniqueIdentifier>
    </Filter>
  </ItemGroup>
  <ItemGroup>
    <Text Include="ReadMe.txt" />
  </ItemGroup>
  <ItemGroup>
    <ClInclude Include="Stream.h">
      <Filter>2.Stream</Filter>
    </ClInclude>
    <ClInclude Include="NALUnit.h">
      <Filter>3.NAL Unit</Filter>
    </ClInclude>
    <ClInclude Include="Global.h">
      <Filter>0.Global</Filter>
    </ClInclude>
    <ClInclude Include="stdafx.h">
      <Filter>0.Global</Filter>
    </ClInclude>
    <ClInclude Include="targetver.h">
      <Filter>0.Global</Filter>
    </ClInclude>
    <ClInclude Include="Configuration.h">
      <Filter>1.Application</Filter>
    </ClInclude>
    <ClInclude Include="SeqParamSet.h">
      <Filter>3.NAL Unit</Filter>
    </ClInclude>
    <ClInclude Include="Utils.h">
      <Filter>0.Global</Filter>
    </ClInclude>
    <ClInclude Include="ErrorInfo.h">
      <Filter>1.Application</Filter>
    </ClInclude>
    <ClInclude Include="PicParamSet.h">
      <Filter>3.NAL Unit</Filter>
    </ClInclude>
    <ClInclude Include="I_Slice.h">
      <Filter>4.Slice</Filter>
    </ClInclude>
    <ClInclude Include="SliceHeader.h">
      <Filter>4.Slice</Filter>
    </ClInclude>
    <ClInclude Include="Macroblock.h">
      <Filter>5.Macroblock</Filter>
    </ClInclude>
    <ClInclude Include="CAVLC_Defines.h">
      <Filter>6.CAVLC</Filter>
    </ClInclude>
    <ClInclude Include="Macroblock_Defines.h">
      <Filter>5.Macroblock</Filter>
    </ClInclude>
  </ItemGroup>
  <ItemGroup>
    <ClCompile Include="SimpleH264Analyzer.cpp">
      <Filter>1.Application</Filter>
    </ClCompile>
    <ClCompile Include="Stream.cpp">
      <Filter>2.Stream</Filter>
    </ClCompile>
    <ClCompile Include="NALUnit.cpp">
      <Filter>3.NAL Unit</Filter>
    </ClCompile>
    <ClCompile Include="stdafx.cpp">
      <Filter>0.Global</Filter>
    </ClCompile>
    <ClCompile Include="Configuration.cpp">
      <Filter>1.Application</Filter>
    </ClCompile>
    <ClCompile Include="SeqParamSet.cpp">
      <Filter>3.NAL Unit</Filter>
    </ClCompile>
    <ClCompile Include="Utils.cpp">
      <Filter>0.Global</Filter>
    </ClCompile>
    <ClCompile Include="PicParamSet.cpp">
      <Filter>3.NAL Unit</Filter>
    </ClCompile>
    <ClCompile Include="I_Slice.cpp">
      <Filter>4.Slice</Filter>
    </ClCompile>
    <ClCompile Include="SliceHeader.cpp">
      <Filter>4.Slice</Filter>
    </ClCompile>
    <ClCompile Include="Macroblock.cpp">
      <Filter>5.Macroblock</Filter>
    </ClCompile>
  </ItemGroup>
</Project>